// !$*UTF8*$!
{
	archiveVersion = 1;
	classes = {
	};
	objectVersion = 46;
	objects = {

/* Begin PBXBuildFile section */
		E8CA009D1AD60C53007237F6 /* main.m in Sources */ = {isa = PBXBuildFile; fileRef = E8CA009C1AD60C53007237F6 /* main.m */; };
		E8CA00A01AD60C53007237F6 /* AppDelegate.m in Sources */ = {isa = PBXBuildFile; fileRef = E8CA009F1AD60C53007237F6 /* AppDelegate.m */; };
		E8CA00A31AD60C53007237F6 /* FirstViewController.m in Sources */ = {isa = PBXBuildFile; fileRef = E8CA00A21AD60C53007237F6 /* FirstViewController.m */; };
		E8CA00A61AD60C53007237F6 /* SecondViewController.m in Sources */ = {isa = PBXBuildFile; fileRef = E8CA00A51AD60C53007237F6 /* SecondViewController.m */; };
		E8CA00A91AD60C53007237F6 /* Main.storyboard in Resources */ = {isa = PBXBuildFile; fileRef = E8CA00A71AD60C53007237F6 /* Main.storyboard */; };
		E8CA00AB1AD60C53007237F6 /* Images.xcassets in Resources */ = {isa = PBXBuildFile; fileRef = E8CA00AA1AD60C53007237F6 /* Images.xcassets */; };
		E8CA00AE1AD60C53007237F6 /* LaunchScreen.xib in Resources */ = {isa = PBXBuildFile; fileRef = E8CA00AC1AD60C53007237F6 /* LaunchScreen.xib */; };
		E8CA00BA1AD60C53007237F6 /* LPTextViewDemoTests.m in Sources */ = {isa = PBXBuildFile; fileRef = E8CA00B91AD60C53007237F6 /* LPTextViewDemoTests.m */; };
/* End PBXBuildFile section */

/* Begin PBXContainerItemProxy section */
		E8CA00B41AD60C53007237F6 /* PBXContainerItemProxy */ = {
			isa = PBXContainerItemProxy;
			containerPortal = E8CA008F1AD60C53007237F6 /* Project object */;
			proxyType = 1;
			remoteGlobalIDString = E8CA00961AD60C53007237F6;
			remoteInfo = LPTextViewDemo;
		};
/* End PBXContainerItemProxy section */

/* Begin PBXFileReference section */
		E8CA00971AD60C53007237F6 /* LPTextViewDemo.app */ = {isa = PBXFileReference; explicitFileType = wrapper.application; includeInIndex = 0; path = LPTextViewDemo.app; sourceTree = BUILT_PRODUCTS_DIR; };
		E8CA009B1AD60C53007237F6 /* Info.plist */ = {isa = PBXFileReference; lastKnownFileType = text.plist.xml; path = Info.plist; sourceTree = "<group>"; };
		E8CA009C1AD60C53007237F6 /* main.m */ = {isa = PBXFileReference; lastKnownFileType = sourcecode.c.objc; path = main.m; sourceTree = "<group>"; };
		E8CA009E1AD60C53007237F6 /* AppDelegate.h */ = {isa = PBXFileReference; lastKnownFileType = sourcecode.c.h; path = AppDelegate.h; sourceTree = "<group>"; };
		E8CA009F1AD60C53007237F6 /* AppDelegate.m */ = {isa = PBXFileReference; lastKnownFileType = sourcecode.c.objc; path = AppDelegate.m; sourceTree = "<group>"; };
		E8CA00A11AD60C53007237F6 /* FirstViewController.h */ = {isa = PBXFileReference; lastKnownFileType = sourcecode.c.h; path = FirstViewController.h; sourceTree = "<group>"; };
		E8CA00A21AD60C53007237F6 /* FirstViewController.m */ = {isa = PBXFileReference; lastKnownFileType = sourcecode.c.objc; path = FirstViewController.m; sourceTree = "<group>"; };
		E8CA00A41AD60C53007237F6 /* SecondViewController.h */ = {isa = PBXFileReference; lastKnownFileType = sourcecode.c.h; path = SecondViewController.h; sourceTree = "<group>"; };
		E8CA00A51AD60C53007237F6 /* SecondViewController.m */ = {isa = PBXFileReference; lastKnownFileType = sourcecode.c.objc; path = SecondViewController.m; sourceTree = "<group>"; };
		E8CA00A81AD60C53007237F6 /* Base */ = {isa = PBXFileReference; lastKnownFileType = file.storyboard; name = Base; path = Base.lproj/Main.storyboard; sourceTree = "<group>"; };
		E8CA00AA1AD60C53007237F6 /* Images.xcassets */ = {isa = PBXFileReference; lastKnownFileType = folder.assetcatalog; path = Images.xcassets; sourceTree = "<group>"; };
		E8CA00AD1AD60C53007237F6 /* Base */ = {isa = PBXFileReference; lastKnownFileType = file.xib; name = Base; path = Base.lproj/LaunchScreen.xib; sourceTree = "<group>"; };
		E8CA00B31AD60C53007237F6 /* LPTextViewDemoTests.xctest */ = {isa = PBXFileReference; explicitFileType = wrapper.cfbundle; includeInIndex = 0; path = LPTextViewDemoTests.xctest; sourceTree = BUILT_PRODUCTS_DIR; };
		E8CA00B81AD60C53007237F6 /* Info.plist */ = {isa = PBXFileReference; lastKnownFileType = text.plist.xml; path = Info.plist; sourceTree = "<group>"; };
		E8CA00B91AD60C53007237F6 /* LPTextViewDemoTests.m */ = {isa = PBXFileReference; lastKnownFileType = sourcecode.c.objc; path = LPTextViewDemoTests.m; sourceTree = "<group>"; };
/* End PBXFileReference section */

/* Begin PBXFrameworksBuildPhase section */
		E8CA00941AD60C53007237F6 /* Frameworks */ = {
			isa = PBXFrameworksBuildPhase;
			buildActionMask = 2147483647;
			files = (
			);
			runOnlyForDeploymentPostprocessing = 0;
		};
		E8CA00B01AD60C53007237F6 /* Frameworks */ = {
			isa = PBXFrameworksBuildPhase;
			buildActionMask = 2147483647;
			files = (
			);
			runOnlyForDeploymentPostprocessing = 0;
		};
/* End PBXFrameworksBuildPhase section */

/* Begin PBXGroup section */
		E8CA008E1AD60C53007237F6 = {
			isa = PBXGroup;
			children = (
				E8CA00991AD60C53007237F6 /* LPTextViewDemo */,
				E8CA00B61AD60C53007237F6 /* LPTextViewDemoTests */,
				E8CA00981AD60C53007237F6 /* Products */,
			);
			sourceTree = "<group>";
		};
		E8CA00981AD60C53007237F6 /* Products */ = {
			isa = PBXGroup;
			children = (
				E8CA00971AD60C53007237F6 /* LPTextViewDemo.app */,
				E8CA00B31AD60C53007237F6 /* LPTextViewDemoTests.xctest */,
			);
			name = Products;
			sourceTree = "<group>";
		};
		E8CA00991AD60C53007237F6 /* LPTextViewDemo */ = {
			isa = PBXGroup;
			children = (
				E8CA009E1AD60C53007237F6 /* AppDelegate.h */,
				E8CA009F1AD60C53007237F6 /* AppDelegate.m */,
				E8CA00A11AD60C53007237F6 /* FirstViewController.h */,
				E8CA00A21AD60C53007237F6 /* FirstViewController.m */,
				E8CA00A41AD60C53007237F6 /* SecondViewController.h */,
				E8CA00A51AD60C53007237F6 /* SecondViewController.m */,
				E8CA00A71AD60C53007237F6 /* Main.storyboard */,
				E8CA00AA1AD60C53007237F6 /* Images.xcassets */,
				E8CA00AC1AD60C53007237F6 /* LaunchScreen.xib */,
				E8CA009A1AD60C53007237F6 /* Supporting Files */,
			);
			path = LPTextViewDemo;
			sourceTree = "<group>";
		};
		E8CA009A1AD60C53007237F6 /* Supporting Files */ = {
			isa = PBXGroup;
			children = (
				E8CA009B1AD60C53007237F6 /* Info.plist */,
				E8CA009C1AD60C53007237F6 /* main.m */,
			);
			name = "Supporting Files";
			sourceTree = "<group>";
		};
		E8CA00B61AD60C53007237F6 /* LPTextViewDemoTests */ = {
			isa = PBXGroup;
			children = (
				E8CA00B91AD60C53007237F6 /* LPTextViewDemoTests.m */,
				E8CA00B71AD60C53007237F6 /* Supporting Files */,
			);
			path = LPTextViewDemoTests;
			sourceTree = "<group>";
		};
		E8CA00B71AD60C53007237F6 /* Supporting Files */ = {
			isa = PBXGroup;
			children = (
				E8CA00B81AD60C53007237F6 /* Info.plist */,
			);
			name = "Supporting Files";
			sourceTree = "<group>";
		};
/* End PBXGroup section */

/* Begin PBXNativeTarget section */
		E8CA00961AD60C53007237F6 /* LPTextViewDemo */ = {
			isa = PBXNativeTarget;
			buildConfigurationList = E8CA00BD1AD60C53007237F6 /* Build configuration list for PBXNativeTarget "LPTextViewDemo" */;
			buildPhases = (
				E8CA00931AD60C53007237F6 /* Sources */,
				E8CA00941AD60C53007237F6 /* Frameworks */,
				E8CA00951AD60C53007237F6 /* Resources */,
			);
			buildRules = (
			);
			dependencies = (
			);
			name = LPTextViewDemo;
			productName = LPTextViewDemo;
			productReference = E8CA00971AD60C53007237F6 /* LPTextViewDemo.app */;
			productType = "com.apple.product-type.application";
		};
		E8CA00B21AD60C53007237F6 /* LPTextViewDemoTests */ = {
			isa = PBXNativeTarget;
			buildConfigurationList = E8CA00C01AD60C53007237F6 /* Build configuration list for PBXNativeTarget "LPTextViewDemoTests" */;
			buildPhases = (
				E8CA00AF1AD60C53007237F6 /* Sources */,
				E8CA00B01AD60C53007237F6 /* Frameworks */,
				E8CA00B11AD60C53007237F6 /* Resources */,
			);
			buildRules = (
			);
			dependencies = (
				E8CA00B51AD60C53007237F6 /* PBXTargetDependency */,
			);
			name = LPTextViewDemoTests;
			productName = LPTextViewDemoTests;
			productReference = E8CA00B31AD60C53007237F6 /* LPTextViewDemoTests.xctest */;
			productType = "com.apple.product-type.bundle.unit-test";
		};
/* End PBXNativeTarget section */

/* Begin PBXProject section */
		E8CA008F1AD60C53007237F6 /* Project object */ = {
			isa = PBXProject;
			attributes = {
				LastUpgradeCheck = 0620;
				ORGANIZATIONNAME = lipeng;
				TargetAttributes = {
					E8CA00961AD60C53007237F6 = {
						CreatedOnToolsVersion = 6.2;
					};
					E8CA00B21AD60C53007237F6 = {
						CreatedOnToolsVersion = 6.2;
						TestTargetID = E8CA00961AD60C53007237F6;
					};
				};
			};
			buildConfigurationList = E8CA00921AD60C53007237F6 /* Build configuration list for PBXProject "LPTextViewDemo" */;
			compatibilityVersion = "Xcode 3.2";
			developmentRegion = English;
			hasScannedForEncodings = 0;
			knownRegions = (
				en,
				Base,
			);
			mainGroup = E8CA008E1AD60C53007237F6;
			productRefGroup = E8CA00981AD60C53007237F6 /* Products */;
			projectDirPath = "";
			projectRoot = "";
			targets = (
				E8CA00961AD60C53007237F6 /* LPTextViewDemo */,
				E8CA00B21AD60C53007237F6 /* LPTextViewDemoTests */,
			);
		};
/* End PBXProject section */

/* Begin PBXResourcesBuildPhase section */
		E8CA00951AD60C53007237F6 /* Resources */ = {
			isa = PBXResourcesBuildPhase;
			buildActionMask = 2147483647;
			files = (
				E8CA00A91AD60C53007237F6 /* Main.storyboard in Resources */,
				E8CA00AE1AD60C53007237F6 /* LaunchScreen.xib in Resources */,
				E8CA00AB1AD60C53007237F6 /* Images.xcassets in Resources */,
			);
			runOnlyForDeploymentPostprocessing = 0;
		};
		E8CA00B11AD60C53007237F6 /* Resources */ = {
			isa = PBXResourcesBuildPhase;
			buildActionMask = 2147483647;
			files = (
			);
			runOnlyForDeploymentPostprocessing = 0;
		};
/* End PBXResourcesBuildPhase section */

/* Begin PBXSourcesBuildPhase section */
		E8CA00931AD60C53007237F6 /* Sources */ = {
			isa = PBXSourcesBuildPhase;
			buildActionMask = 2147483647;
			files = (
				E8CA00A61AD60C53007237F6 /* SecondViewController.m in Sources */,
				E8CA00A01AD60C53007237F6 /* AppDelegate.m in Sources */,
				E8CA00A31AD60C53007237F6 /* FirstViewController.m in Sources */,
				E8CA009D1AD60C53007237F6 /* main.m in Sources */,
			);
			runOnlyForDeploymentPostprocessing = 0;
		};
		E8CA00AF1AD60C53007237F6 /* Sources */ = {
			isa = PBXSourcesBuildPhase;
			buildActionMask = 2147483647;
			files = (
				E8CA00BA1AD60C53007237F6 /* LPTextViewDemoTests.m in Sources */,
			);
			runOnlyForDeploymentPostprocessing = 0;
		};
/* End PBXSourcesBuildPhase section */

/* Begin PBXTargetDependency section */
		E8CA00B51AD60C53007237F6 /* PBXTargetDependency */ = {
			isa = PBXTargetDependency;
			target = E8CA00961AD60C53007237F6 /* LPTextViewDemo */;
			targetProxy = E8CA00B41AD60C53007237F6 /* PBXContainerItemProxy */;
		};
/* End PBXTargetDependency section */

/* Begin PBXVariantGroup section */
		E8CA00A71AD60C53007237F6 /* Main.storyboard */ = {
			isa = PBXVariantGroup;
			children = (
				E8CA00A81AD60C53007237F6 /* Base */,
			);
			name = Main.storyboard;
			sourceTree = "<group>";
		};
		E8CA00AC1AD60C53007237F6 /* LaunchScreen.xib */ = {
			isa = PBXVariantGroup;
			children = (
				E8CA00AD1AD60C53007237F6 /* Base */,
			);
			name = LaunchScreen.xib;
			sourceTree = "<group>";
		};
/* End PBXVariantGroup section */

/* Begin XCBuildConfiguration section */
		E8CA00BB1AD60C53007237F6 /* Debug */ = {
			isa = XCBuildConfiguration;
			buildSettings = {
				ALWAYS_SEARCH_USER_PATHS = NO;
				CLANG_CXX_LANGUAGE_STANDARD = "gnu++0x";
				CLANG_CXX_LIBRARY = "libc++";
				CLANG_ENABLE_MODULES = YES;
				CLANG_ENABLE_OBJC_ARC = YES;
				CLANG_WARN_BOOL_CONVERSION = YES;
				CLANG_WARN_CONSTANT_CONVERSION = YES;
				CLANG_WARN_DIRECT_OBJC_ISA_USAGE = YES_ERROR;
				CLANG_WARN_EMPTY_BODY = YES;
				CLANG_WARN_ENUM_CONVERSION = YES;
				CLANG_WARN_INT_CONVERSION = YES;
				CLANG_WARN_OBJC_ROOT_CLASS = YES_ERROR;
				CLANG_WARN_UNREACHABLE_CODE = YES;
				CLANG_WARN__DUPLICATE_METHOD_MATCH = YES;
				"CODE_SIGN_IDENTITY[sdk=iphoneos*]" = "iPhone Developer";
				COPY_PHASE_STRIP = NO;
				ENABLE_STRICT_OBJC_MSGSEND = YES;
				GCC_C_LANGUAGE_STANDARD = gnu99;
				GCC_DYNAMIC_NO_PIC = NO;
				GCC_OPTIMIZATION_LEVEL = 0;
				GCC_PREPROCESSOR_DEFINITIONS = (
					"DEBUG=1",
					"$(inherited)",
				);
				GCC_SYMBOLS_PRIVATE_EXTERN = NO;
				GCC_WARN_64_TO_32_BIT_CONVERSION = YES;
				GCC_WARN_ABOUT_RETURN_TYPE = YES_ERROR;
				GCC_WARN_UNDECLARED_SELECTOR = YES;
				GCC_WARN_UNINITIALIZED_AUTOS = YES_AGGRESSIVE;
				GCC_WARN_UNUSED_FUNCTION = YES;
				GCC_WARN_UNUSED_VARIABLE = YES;
				IPHONEOS_DEPLOYMENT_TARGET = 8.2;
				MTL_ENABLE_DEBUG_INFO = YES;
				ONLY_ACTIVE_ARCH = YES;
				SDKROOT = iphoneos;
			};
			name = Debug;
		};
		E8CA00BC1AD60C53007237F6 /* Release */ = {
			isa = XCBuildConfiguration;
			buildSettings = {
				ALWAYS_SEARCH_USER_PATHS = NO;
				CLANG_CXX_LANGUAGE_STANDARD = "gnu++0x";
				CLANG_CXX_LIBRARY = "libc++";
				CLANG_ENABLE_MODULES = YES;
				CLANG_ENABLE_OBJC_ARC = YES;
				CLANG_WARN_BOOL_CONVERSION = YES;
				CLANG_WARN_CONSTANT_CONVERSION = YES;
				CLANG_WARN_DIRECT_OBJC_ISA_USAGE = YES_ERROR;
				CLANG_WARN_EMPTY_BODY = YES;
				CLANG_WARN_ENUM_CONVERSION = YES;
				CLANG_WARN_INT_CONVERSION = YES;
				CLANG_WARN_OBJC_ROOT_CLASS = YES_ERROR;
				CLANG_WARN_UNREACHABLE_CODE = YES;
				CLANG_WARN__DUPLICATE_METHOD_MATCH = YES;
				"CODE_SIGN_IDENTITY[sdk=iphoneos*]" = "iPhone Developer";
				COPY_PHASE_STRIP = NO;
				ENABLE_NS_ASSERTIONS = NO;
				ENABLE_STRICT_OBJC_MSGSEND = YES;
				GCC_C_LANGUAGE_STANDARD = gnu99;
				GCC_WARN_64_TO_32_BIT_CONVERSION = YES;
				GCC_WARN_ABOUT_RETURN_TYPE = YES_ERROR;
				GCC_WARN_UNDECLARED_SELECTOR = YES;
				GCC_WARN_UNINITIALIZED_AUTOS = YES_AGGRESSIVE;
				GCC_WARN_UNUSED_FUNCTION = YES;
				GCC_WARN_UNUSED_VARIABLE = YES;
				IPHONEOS_DEPLOYMENT_TARGET = 8.2;
				MTL_ENABLE_DEBUG_INFO = NO;
				SDKROOT = iphoneos;
				VALIDATE_PRODUCT = YES;
			};
			name = Release;
		};
		E8CA00BE1AD60C53007237F6 /* Debug */ = {
			isa = XCBuildConfiguration;
			buildSettings = {
				ASSETCATALOG_COMPILER_APPICON_NAME = AppIcon;
				INFOPLIST_FILE = LPTextViewDemo/Info.plist;
				LD_RUNPATH_SEARCH_PATHS = "$(inherited) @executable_path/Frameworks";
				PRODUCT_NAME = "$(TARGET_NAME)";
			};
			name = Debug;
		};
		E8CA00BF1AD60C53007237F6 /* Release */ = {
			isa = XCBuildConfiguration;
			buildSettings = {
				ASSETCATALOG_COMPILER_APPICON_NAME = AppIcon;
				INFOPLIST_FILE = LPTextViewDemo/Info.plist;
				LD_RUNPATH_SEARCH_PATHS = "$(inherited) @executable_path/Frameworks";
				PRODUCT_NAME = "$(TARGET_NAME)";
			};
			name = Release;
		};
		E8CA00C11AD60C53007237F6 /* Debug */ = {
			isa = XCBuildConfiguration;
			buildSettings = {
				BUNDLE_LOADER = "$(TEST_HOST)";
				FRAMEWORK_SEARCH_PATHS = (
					"$(SDKROOT)/Developer/Library/Frameworks",
					"$(inherited)",
				);
				GCC_PREPROCESSOR_DEFINITIONS = (
					"DEBUG=1",
					"$(inherited)",
				);
				INFOPLIST_FILE = LPTextViewDemoTests/Info.plist;
				LD_RUNPATH_SEARCH_PATHS = "$(inherited) @executable_path/Frameworks @loader_path/Frameworks";
				PRODUCT_NAME = "$(TARGET_NAME)";
				TEST_HOST = "$(BUILT_PRODUCTS_DIR)/LPTextViewDemo.app/LPTextViewDemo";
			};
			name = Debug;
		};
		E8CA00C21AD60C53007237F6 /* Release */ = {
			isa = XCBuildConfiguration;
			buildSettings = {
				BUNDLE_LOADER = "$(TEST_HOST)";
				FRAMEWORK_SEARCH_PATHS = (
					"$(SDKROOT)/Developer/Library/Frameworks",
					"$(inherited)",
				);
				INFOPLIST_FILE = LPTextViewDemoTests/Info.plist;
				LD_RUNPATH_SEARCH_PATHS = "$(inherited) @executable_path/Frameworks @loader_path/Frameworks";
				PRODUCT_NAME = "$(TARGET_NAME)";
				TEST_HOST = "$(BUILT_PRODUCTS_DIR)/LPTextViewDemo.app/LPTextViewDemo";
			};
			name = Release;
		};
/* End XCBuildConfiguration section */

/* Begin XCConfigurationList section */
		E8CA00921AD60C53007237F6 /* Build configuration list for PBXProject "LPTextViewDemo" */ = {
			isa = XCConfigurationList;
			buildConfigurations = (
				E8CA00BB1AD60C53007237F6 /* Debug */,
				E8CA00BC1AD60C53007237F6 /* Release */,
			);
			defaultConfigurationIsVisible = 0;
			defaultConfigurationName = Release;
		};
		E8CA00BD1AD60C53007237F6 /* Build configuration list for PBXNativeTarget "LPTextViewDemo" */ = {
			isa = XCConfigurationList;
			buildConfigurations = (
				E8CA00BE1AD60C53007237F6 /* Debug */,
				E8CA00BF1AD60C53007237F6 /* Release */,
			);
			defaultConfigurationIsVisible = 0;
		};
		E8CA00C01AD60C53007237F6 /* Build configuration list for PBXNativeTarget "LPTextViewDemoTests" */ = {
			isa = XCConfigurationList;
			buildConfigurations = (
				E8CA00C11AD60C53007237F6 /* Debug */,
				E8CA00C21AD60C53007237F6 /* Release */,
			);
			defaultConfigurationIsVisible = 0;
		};
/* End XCConfigurationList section */
	};
	rootObject = E8CA008F1AD60C53007237F6 /* Project object */;
}
